// !$*UTF8*$!
{
	archiveVersion = 1;
	classes = {
	};
	objectVersion = 56;
	objects = {

/* Begin PBXBuildFile section */
		0E00C4A22AEBA20200EAA6BE /* AppDelegate.swift in Sources */ = {isa = PBXBuildFile; fileRef = 0E00C4A12AEBA20200EAA6BE /* AppDelegate.swift */; };
		0E00C4A42AEBA20200EAA6BE /* SceneDelegate.swift in Sources */ = {isa = PBXBuildFile; fileRef = 0E00C4A32AEBA20200EAA6BE /* SceneDelegate.swift */; };
		0E00C4A62AEBA20200EAA6BE /* LastOnboardingViewController.swift in Sources */ = {isa = PBXBuildFile; fileRef = 0E00C4A52AEBA20200EAA6BE /* LastOnboardingViewController.swift */; };
		0E00C4AB2AEBA20300EAA6BE /* Assets.xcassets in Resources */ = {isa = PBXBuildFile; fileRef = 0E00C4AA2AEBA20300EAA6BE /* Assets.xcassets */; };
		0E00C4AE2AEBA20300EAA6BE /* LaunchScreen.storyboard in Resources */ = {isa = PBXBuildFile; fileRef = 0E00C4AC2AEBA20300EAA6BE /* LaunchScreen.storyboard */; };
		0E00C4BE2AEBA43700EAA6BE /* StandardButton.swift in Sources */ = {isa = PBXBuildFile; fileRef = 0E00C4BD2AEBA43700EAA6BE /* StandardButton.swift */; };
		0E00C4C02AEBA58200EAA6BE /* UIColor+EX.swift in Sources */ = {isa = PBXBuildFile; fileRef = 0E00C4BF2AEBA58200EAA6BE /* UIColor+EX.swift */; };
		0E00C4C22AEBA5C100EAA6BE /* UIVIew+EX.swift in Sources */ = {isa = PBXBuildFile; fileRef = 0E00C4C12AEBA5C100EAA6BE /* UIVIew+EX.swift */; };
		0E00C4C42AEBA62900EAA6BE /* Constants.swift in Sources */ = {isa = PBXBuildFile; fileRef = 0E00C4C32AEBA62900EAA6BE /* Constants.swift */; };
		0E00C4C62AEBA6C800EAA6BE /* ImageSet.swift in Sources */ = {isa = PBXBuildFile; fileRef = 0E00C4C52AEBA6C800EAA6BE /* ImageSet.swift */; };
		0E00C4C82AEBA6FD00EAA6BE /* ColorSet.swift in Sources */ = {isa = PBXBuildFile; fileRef = 0E00C4C72AEBA6FD00EAA6BE /* ColorSet.swift */; };
		0E00C4CB2AEBAEC900EAA6BE /* OnboardingViewController.swift in Sources */ = {isa = PBXBuildFile; fileRef = 0E00C4CA2AEBAEC900EAA6BE /* OnboardingViewController.swift */; };
		0E00C4CD2AEBAF6400EAA6BE /* OnboardingPresenter.swift in Sources */ = {isa = PBXBuildFile; fileRef = 0E00C4CC2AEBAF6400EAA6BE /* OnboardingPresenter.swift */; };
		0E00C4CF2AEBCC6800EAA6BE /* Localizable.swift in Sources */ = {isa = PBXBuildFile; fileRef = 0E00C4CE2AEBCC6800EAA6BE /* Localizable.swift */; };
		0E16D03D2AEBD1E100D3ACC9 /* LastOnboardingPresenter.swift in Sources */ = {isa = PBXBuildFile; fileRef = 0E16D03C2AEBD1E100D3ACC9 /* LastOnboardingPresenter.swift */; };
		0E16D0402AEBD47400D3ACC9 /* Onboarding.swift in Sources */ = {isa = PBXBuildFile; fileRef = 0E16D03F2AEBD47400D3ACC9 /* Onboarding.swift */; };
		0E16D0422AEBE66800D3ACC9 /* TransitionTitleButton.swift in Sources */ = {isa = PBXBuildFile; fileRef = 0E16D0412AEBE66800D3ACC9 /* TransitionTitleButton.swift */; };
		0E16D0452AEBF89100D3ACC9 /* MainViewController.swift in Sources */ = {isa = PBXBuildFile; fileRef = 0E16D0442AEBF89100D3ACC9 /* MainViewController.swift */; };
		0E16D0472AEBF93100D3ACC9 /* MainPresenter.swift in Sources */ = {isa = PBXBuildFile; fileRef = 0E16D0462AEBF93100D3ACC9 /* MainPresenter.swift */; };
		0E16D0492AEC3E3600D3ACC9 /* PropertyCell.swift in Sources */ = {isa = PBXBuildFile; fileRef = 0E16D0482AEC3E3600D3ACC9 /* PropertyCell.swift */; };
		0E16D04B2AEC4A7500D3ACC9 /* PropertyCellModel.swift in Sources */ = {isa = PBXBuildFile; fileRef = 0E16D04A2AEC4A7500D3ACC9 /* PropertyCellModel.swift */; };
/* End PBXBuildFile section */

/* Begin PBXFileReference section */
		0E00C49E2AEBA20200EAA6BE /* ADBlock.app */ = {isa = PBXFileReference; explicitFileType = wrapper.application; includeInIndex = 0; path = ADBlock.app; sourceTree = BUILT_PRODUCTS_DIR; };
		0E00C4A12AEBA20200EAA6BE /* AppDelegate.swift */ = {isa = PBXFileReference; lastKnownFileType = sourcecode.swift; path = AppDelegate.swift; sourceTree = "<group>"; };
		0E00C4A32AEBA20200EAA6BE /* SceneDelegate.swift */ = {isa = PBXFileReference; lastKnownFileType = sourcecode.swift; path = SceneDelegate.swift; sourceTree = "<group>"; };
		0E00C4A52AEBA20200EAA6BE /* LastOnboardingViewController.swift */ = {isa = PBXFileReference; lastKnownFileType = sourcecode.swift; path = LastOnboardingViewController.swift; sourceTree = "<group>"; };
		0E00C4AA2AEBA20300EAA6BE /* Assets.xcassets */ = {isa = PBXFileReference; lastKnownFileType = folder.assetcatalog; path = Assets.xcassets; sourceTree = "<group>"; };
		0E00C4AD2AEBA20300EAA6BE /* Base */ = {isa = PBXFileReference; lastKnownFileType = file.storyboard; name = Base; path = Base.lproj/LaunchScreen.storyboard; sourceTree = "<group>"; };
		0E00C4AF2AEBA20300EAA6BE /* Info.plist */ = {isa = PBXFileReference; lastKnownFileType = text.plist.xml; path = Info.plist; sourceTree = "<group>"; };
		0E00C4BD2AEBA43700EAA6BE /* StandardButton.swift */ = {isa = PBXFileReference; lastKnownFileType = sourcecode.swift; path = StandardButton.swift; sourceTree = "<group>"; };
		0E00C4BF2AEBA58200EAA6BE /* UIColor+EX.swift */ = {isa = PBXFileReference; lastKnownFileType = sourcecode.swift; path = "UIColor+EX.swift"; sourceTree = "<group>"; };
		0E00C4C12AEBA5C100EAA6BE /* UIVIew+EX.swift */ = {isa = PBXFileReference; lastKnownFileType = sourcecode.swift; path = "UIVIew+EX.swift"; sourceTree = "<group>"; };
		0E00C4C32AEBA62900EAA6BE /* Constants.swift */ = {isa = PBXFileReference; lastKnownFileType = sourcecode.swift; path = Constants.swift; sourceTree = "<group>"; };
		0E00C4C52AEBA6C800EAA6BE /* ImageSet.swift */ = {isa = PBXFileReference; lastKnownFileType = sourcecode.swift; path = ImageSet.swift; sourceTree = "<group>"; };
		0E00C4C72AEBA6FD00EAA6BE /* ColorSet.swift */ = {isa = PBXFileReference; lastKnownFileType = sourcecode.swift; path = ColorSet.swift; sourceTree = "<group>"; };
		0E00C4CA2AEBAEC900EAA6BE /* OnboardingViewController.swift */ = {isa = PBXFileReference; lastKnownFileType = sourcecode.swift; path = OnboardingViewController.swift; sourceTree = "<group>"; };
		0E00C4CC2AEBAF6400EAA6BE /* OnboardingPresenter.swift */ = {isa = PBXFileReference; lastKnownFileType = sourcecode.swift; path = OnboardingPresenter.swift; sourceTree = "<group>"; };
		0E00C4CE2AEBCC6800EAA6BE /* Localizable.swift */ = {isa = PBXFileReference; lastKnownFileType = sourcecode.swift; path = Localizable.swift; sourceTree = "<group>"; };
		0E16D03C2AEBD1E100D3ACC9 /* LastOnboardingPresenter.swift */ = {isa = PBXFileReference; lastKnownFileType = sourcecode.swift; path = LastOnboardingPresenter.swift; sourceTree = "<group>"; };
		0E16D03F2AEBD47400D3ACC9 /* Onboarding.swift */ = {isa = PBXFileReference; lastKnownFileType = sourcecode.swift; path = Onboarding.swift; sourceTree = "<group>"; };
		0E16D0412AEBE66800D3ACC9 /* TransitionTitleButton.swift */ = {isa = PBXFileReference; lastKnownFileType = sourcecode.swift; path = TransitionTitleButton.swift; sourceTree = "<group>"; };
		0E16D0442AEBF89100D3ACC9 /* MainViewController.swift */ = {isa = PBXFileReference; lastKnownFileType = sourcecode.swift; path = MainViewController.swift; sourceTree = "<group>"; };
		0E16D0462AEBF93100D3ACC9 /* MainPresenter.swift */ = {isa = PBXFileReference; lastKnownFileType = sourcecode.swift; path = MainPresenter.swift; sourceTree = "<group>"; };
		0E16D0482AEC3E3600D3ACC9 /* PropertyCell.swift */ = {isa = PBXFileReference; lastKnownFileType = sourcecode.swift; path = PropertyCell.swift; sourceTree = "<group>"; };
		0E16D04A2AEC4A7500D3ACC9 /* PropertyCellModel.swift */ = {isa = PBXFileReference; lastKnownFileType = sourcecode.swift; path = PropertyCellModel.swift; sourceTree = "<group>"; };
/* End PBXFileReference section */

/* Begin PBXFrameworksBuildPhase section */
		0E00C49B2AEBA20200EAA6BE /* Frameworks */ = {
			isa = PBXFrameworksBuildPhase;
			buildActionMask = 2147483647;
			files = (
			);
			runOnlyForDeploymentPostprocessing = 0;
		};
/* End PBXFrameworksBuildPhase section */

/* Begin PBXGroup section */
		0E00C4952AEBA20200EAA6BE = {
			isa = PBXGroup;
			children = (
				0E00C4A02AEBA20200EAA6BE /* ADBlock */,
				0E00C49F2AEBA20200EAA6BE /* Products */,
			);
			sourceTree = "<group>";
		};
		0E00C49F2AEBA20200EAA6BE /* Products */ = {
			isa = PBXGroup;
			children = (
				0E00C49E2AEBA20200EAA6BE /* ADBlock.app */,
			);
			name = Products;
			sourceTree = "<group>";
		};
		0E00C4A02AEBA20200EAA6BE /* ADBlock */ = {
			isa = PBXGroup;
			children = (
				0E00C4B52AEBA3B000EAA6BE /* Source */,
				0E00C4B62AEBA3B500EAA6BE /* Resource */,
			);
			path = ADBlock;
			sourceTree = "<group>";
		};
		0E00C4B52AEBA3B000EAA6BE /* Source */ = {
			isa = PBXGroup;
			children = (
				0E16D03E2AEBD45E00D3ACC9 /* Models */,
				0E00C4B82AEBA3DA00EAA6BE /* Application */,
				0E00C4B92AEBA3ED00EAA6BE /* Presentation */,
			);
			path = Source;
			sourceTree = "<group>";
		};
		0E00C4B62AEBA3B500EAA6BE /* Resource */ = {
			isa = PBXGroup;
			children = (
				0E00C4C32AEBA62900EAA6BE /* Constants.swift */,
				0E00C4CE2AEBCC6800EAA6BE /* Localizable.swift */,
				0E00C4C72AEBA6FD00EAA6BE /* ColorSet.swift */,
				0E00C4C52AEBA6C800EAA6BE /* ImageSet.swift */,
				0E00C4B72AEBA3CD00EAA6BE /* Extensions */,
				0E00C4AC2AEBA20300EAA6BE /* LaunchScreen.storyboard */,
				0E00C4AA2AEBA20300EAA6BE /* Assets.xcassets */,
			);
			path = Resource;
			sourceTree = "<group>";
		};
		0E00C4B72AEBA3CD00EAA6BE /* Extensions */ = {
			isa = PBXGroup;
			children = (
				0E00C4BF2AEBA58200EAA6BE /* UIColor+EX.swift */,
				0E00C4C12AEBA5C100EAA6BE /* UIVIew+EX.swift */,
			);
			path = Extensions;
			sourceTree = "<group>";
		};
		0E00C4B82AEBA3DA00EAA6BE /* Application */ = {
			isa = PBXGroup;
			children = (
				0E00C4A12AEBA20200EAA6BE /* AppDelegate.swift */,
				0E00C4A32AEBA20200EAA6BE /* SceneDelegate.swift */,
				0E00C4AF2AEBA20300EAA6BE /* Info.plist */,
			);
			path = Application;
			sourceTree = "<group>";
		};
		0E00C4B92AEBA3ED00EAA6BE /* Presentation */ = {
			isa = PBXGroup;
			children = (
				0E00C4BC2AEBA42500EAA6BE /* Views */,
				0E00C4BB2AEBA41100EAA6BE /* Modules */,
			);
			path = Presentation;
			sourceTree = "<group>";
		};
		0E00C4BA2AEBA40100EAA6BE /* LastOnboarding */ = {
			isa = PBXGroup;
			children = (
				0E00C4A52AEBA20200EAA6BE /* LastOnboardingViewController.swift */,
				0E16D03C2AEBD1E100D3ACC9 /* LastOnboardingPresenter.swift */,
			);
			path = LastOnboarding;
			sourceTree = "<group>";
		};
		0E00C4BB2AEBA41100EAA6BE /* Modules */ = {
			isa = PBXGroup;
			children = (
				0E00C4C92AEBAE3500EAA6BE /* Onboarding */,
				0E00C4BA2AEBA40100EAA6BE /* LastOnboarding */,
				0E16D0432AEBF88000D3ACC9 /* Main */,
			);
			path = Modules;
			sourceTree = "<group>";
		};
		0E00C4BC2AEBA42500EAA6BE /* Views */ = {
			isa = PBXGroup;
			children = (
				0E00C4BD2AEBA43700EAA6BE /* StandardButton.swift */,
				0E16D0412AEBE66800D3ACC9 /* TransitionTitleButton.swift */,
				0E16D0482AEC3E3600D3ACC9 /* PropertyCell.swift */,
			);
			path = Views;
			sourceTree = "<group>";
		};
		0E00C4C92AEBAE3500EAA6BE /* Onboarding */ = {
			isa = PBXGroup;
			children = (
				0E00C4CA2AEBAEC900EAA6BE /* OnboardingViewController.swift */,
				0E00C4CC2AEBAF6400EAA6BE /* OnboardingPresenter.swift */,
			);
			path = Onboarding;
			sourceTree = "<group>";
		};
		0E16D03E2AEBD45E00D3ACC9 /* Models */ = {
			isa = PBXGroup;
			children = (
				0E16D03F2AEBD47400D3ACC9 /* Onboarding.swift */,
				0E16D04A2AEC4A7500D3ACC9 /* PropertyCellModel.swift */,
			);
			path = Models;
			sourceTree = "<group>";
		};
		0E16D0432AEBF88000D3ACC9 /* Main */ = {
			isa = PBXGroup;
			children = (
				0E16D0442AEBF89100D3ACC9 /* MainViewController.swift */,
				0E16D0462AEBF93100D3ACC9 /* MainPresenter.swift */,
			);
			path = Main;
			sourceTree = "<group>";
		};
/* End PBXGroup section */

/* Begin PBXNativeTarget section */
		0E00C49D2AEBA20200EAA6BE /* ADBlock */ = {
			isa = PBXNativeTarget;
			buildConfigurationList = 0E00C4B22AEBA20300EAA6BE /* Build configuration list for PBXNativeTarget "ADBlock" */;
			buildPhases = (
				0E00C49A2AEBA20200EAA6BE /* Sources */,
				0E00C49B2AEBA20200EAA6BE /* Frameworks */,
				0E00C49C2AEBA20200EAA6BE /* Resources */,
			);
			buildRules = (
			);
			dependencies = (
			);
			name = ADBlock;
			productName = ADBlock;
			productReference = 0E00C49E2AEBA20200EAA6BE /* ADBlock.app */;
			productType = "com.apple.product-type.application";
		};
/* End PBXNativeTarget section */

/* Begin PBXProject section */
		0E00C4962AEBA20200EAA6BE /* Project object */ = {
			isa = PBXProject;
			attributes = {
				BuildIndependentTargetsInParallel = 1;
				LastSwiftUpdateCheck = 1500;
				LastUpgradeCheck = 1500;
				TargetAttributes = {
					0E00C49D2AEBA20200EAA6BE = {
						CreatedOnToolsVersion = 15.0.1;
					};
				};
			};
			buildConfigurationList = 0E00C4992AEBA20200EAA6BE /* Build configuration list for PBXProject "ADBlock" */;
			compatibilityVersion = "Xcode 14.0";
			developmentRegion = en;
			hasScannedForEncodings = 0;
			knownRegions = (
				en,
				Base,
			);
			mainGroup = 0E00C4952AEBA20200EAA6BE;
			productRefGroup = 0E00C49F2AEBA20200EAA6BE /* Products */;
			projectDirPath = "";
			projectRoot = "";
			targets = (
				0E00C49D2AEBA20200EAA6BE /* ADBlock */,
			);
		};
/* End PBXProject section */

/* Begin PBXResourcesBuildPhase section */
		0E00C49C2AEBA20200EAA6BE /* Resources */ = {
			isa = PBXResourcesBuildPhase;
			buildActionMask = 2147483647;
			files = (
				0E00C4AE2AEBA20300EAA6BE /* LaunchScreen.storyboard in Resources */,
				0E00C4AB2AEBA20300EAA6BE /* Assets.xcassets in Resources */,
			);
			runOnlyForDeploymentPostprocessing = 0;
		};
/* End PBXResourcesBuildPhase section */

/* Begin PBXSourcesBuildPhase section */
		0E00C49A2AEBA20200EAA6BE /* Sources */ = {
			isa = PBXSourcesBuildPhase;
			buildActionMask = 2147483647;
			files = (
				0E00C4BE2AEBA43700EAA6BE /* StandardButton.swift in Sources */,
				0E00C4A62AEBA20200EAA6BE /* LastOnboardingViewController.swift in Sources */,
				0E16D04B2AEC4A7500D3ACC9 /* PropertyCellModel.swift in Sources */,
				0E16D0492AEC3E3600D3ACC9 /* PropertyCell.swift in Sources */,
				0E16D0472AEBF93100D3ACC9 /* MainPresenter.swift in Sources */,
				0E00C4C02AEBA58200EAA6BE /* UIColor+EX.swift in Sources */,
				0E00C4C22AEBA5C100EAA6BE /* UIVIew+EX.swift in Sources */,
				0E00C4CD2AEBAF6400EAA6BE /* OnboardingPresenter.swift in Sources */,
				0E00C4C82AEBA6FD00EAA6BE /* ColorSet.swift in Sources */,
				0E16D03D2AEBD1E100D3ACC9 /* LastOnboardingPresenter.swift in Sources */,
				0E16D0452AEBF89100D3ACC9 /* MainViewController.swift in Sources */,
				0E00C4C42AEBA62900EAA6BE /* Constants.swift in Sources */,
				0E00C4C62AEBA6C800EAA6BE /* ImageSet.swift in Sources */,
				0E00C4CB2AEBAEC900EAA6BE /* OnboardingViewController.swift in Sources */,
				0E16D0402AEBD47400D3ACC9 /* Onboarding.swift in Sources */,
				0E00C4A22AEBA20200EAA6BE /* AppDelegate.swift in Sources */,
				0E00C4CF2AEBCC6800EAA6BE /* Localizable.swift in Sources */,
				0E16D0422AEBE66800D3ACC9 /* TransitionTitleButton.swift in Sources */,
				0E00C4A42AEBA20200EAA6BE /* SceneDelegate.swift in Sources */,
			);
			runOnlyForDeploymentPostprocessing = 0;
		};
/* End PBXSourcesBuildPhase section */

/* Begin PBXVariantGroup section */
		0E00C4AC2AEBA20300EAA6BE /* LaunchScreen.storyboard */ = {
			isa = PBXVariantGroup;
			children = (
				0E00C4AD2AEBA20300EAA6BE /* Base */,
			);
			name = LaunchScreen.storyboard;
			sourceTree = "<group>";
		};
/* End PBXVariantGroup section */

/* Begin XCBuildConfiguration section */
		0E00C4B02AEBA20300EAA6BE /* Debug */ = {
			isa = XCBuildConfiguration;
			buildSettings = {
				ALWAYS_SEARCH_USER_PATHS = NO;
				ASSETCATALOG_COMPILER_GENERATE_SWIFT_ASSET_SYMBOL_EXTENSIONS = YES;
				CLANG_ANALYZER_NONNULL = YES;
				CLANG_ANALYZER_NUMBER_OBJECT_CONVERSION = YES_AGGRESSIVE;
				CLANG_CXX_LANGUAGE_STANDARD = "gnu++20";
				CLANG_ENABLE_MODULES = YES;
				CLANG_ENABLE_OBJC_ARC = YES;
				CLANG_ENABLE_OBJC_WEAK = YES;
				CLANG_WARN_BLOCK_CAPTURE_AUTORELEASING = YES;
				CLANG_WARN_BOOL_CONVERSION = YES;
				CLANG_WARN_COMMA = YES;
				CLANG_WARN_CONSTANT_CONVERSION = YES;
				CLANG_WARN_DEPRECATED_OBJC_IMPLEMENTATIONS = YES;
				CLANG_WARN_DIRECT_OBJC_ISA_USAGE = YES_ERROR;
				CLANG_WARN_DOCUMENTATION_COMMENTS = YES;
				CLANG_WARN_EMPTY_BODY = YES;
				CLANG_WARN_ENUM_CONVERSION = YES;
				CLANG_WARN_INFINITE_RECURSION = YES;
				CLANG_WARN_INT_CONVERSION = YES;
				CLANG_WARN_NON_LITERAL_NULL_CONVERSION = YES;
				CLANG_WARN_OBJC_IMPLICIT_RETAIN_SELF = YES;
				CLANG_WARN_OBJC_LITERAL_CONVERSION = YES;
				CLANG_WARN_OBJC_ROOT_CLASS = YES_ERROR;
				CLANG_WARN_QUOTED_INCLUDE_IN_FRAMEWORK_HEADER = YES;
				CLANG_WARN_RANGE_LOOP_ANALYSIS = YES;
				CLANG_WARN_STRICT_PROTOTYPES = YES;
				CLANG_WARN_SUSPICIOUS_MOVE = YES;
				CLANG_WARN_UNGUARDED_AVAILABILITY = YES_AGGRESSIVE;
				CLANG_WARN_UNREACHABLE_CODE = YES;
				CLANG_WARN__DUPLICATE_METHOD_MATCH = YES;
				COPY_PHASE_STRIP = NO;
				DEBUG_INFORMATION_FORMAT = dwarf;
				ENABLE_STRICT_OBJC_MSGSEND = YES;
				ENABLE_TESTABILITY = YES;
				ENABLE_USER_SCRIPT_SANDBOXING = YES;
				GCC_C_LANGUAGE_STANDARD = gnu17;
				GCC_DYNAMIC_NO_PIC = NO;
				GCC_NO_COMMON_BLOCKS = YES;
				GCC_OPTIMIZATION_LEVEL = 0;
				GCC_PREPROCESSOR_DEFINITIONS = (
					"DEBUG=1",
					"$(inherited)",
				);
				GCC_WARN_64_TO_32_BIT_CONVERSION = YES;
				GCC_WARN_ABOUT_RETURN_TYPE = YES_ERROR;
				GCC_WARN_UNDECLARED_SELECTOR = YES;
				GCC_WARN_UNINITIALIZED_AUTOS = YES_AGGRESSIVE;
				GCC_WARN_UNUSED_FUNCTION = YES;
				GCC_WARN_UNUSED_VARIABLE = YES;
				IPHONEOS_DEPLOYMENT_TARGET = 17.0;
				LOCALIZATION_PREFERS_STRING_CATALOGS = YES;
				MTL_ENABLE_DEBUG_INFO = INCLUDE_SOURCE;
				MTL_FAST_MATH = YES;
				ONLY_ACTIVE_ARCH = YES;
				SDKROOT = iphoneos;
				SWIFT_ACTIVE_COMPILATION_CONDITIONS = "DEBUG $(inherited)";
				SWIFT_OPTIMIZATION_LEVEL = "-Onone";
			};
			name = Debug;
		};
		0E00C4B12AEBA20300EAA6BE /* Release */ = {
			isa = XCBuildConfiguration;
			buildSettings = {
				ALWAYS_SEARCH_USER_PATHS = NO;
				ASSETCATALOG_COMPILER_GENERATE_SWIFT_ASSET_SYMBOL_EXTENSIONS = YES;
				CLANG_ANALYZER_NONNULL = YES;
				CLANG_ANALYZER_NUMBER_OBJECT_CONVERSION = YES_AGGRESSIVE;
				CLANG_CXX_LANGUAGE_STANDARD = "gnu++20";
				CLANG_ENABLE_MODULES = YES;
				CLANG_ENABLE_OBJC_ARC = YES;
				CLANG_ENABLE_OBJC_WEAK = YES;
				CLANG_WARN_BLOCK_CAPTURE_AUTORELEASING = YES;
				CLANG_WARN_BOOL_CONVERSION = YES;
				CLANG_WARN_COMMA = YES;
				CLANG_WARN_CONSTANT_CONVERSION = YES;
				CLANG_WARN_DEPRECATED_OBJC_IMPLEMENTATIONS = YES;
				CLANG_WARN_DIRECT_OBJC_ISA_USAGE = YES_ERROR;
				CLANG_WARN_DOCUMENTATION_COMMENTS = YES;
				CLANG_WARN_EMPTY_BODY = YES;
				CLANG_WARN_ENUM_CONVERSION = YES;
				CLANG_WARN_INFINITE_RECURSION = YES;
				CLANG_WARN_INT_CONVERSION = YES;
				CLANG_WARN_NON_LITERAL_NULL_CONVERSION = YES;
				CLANG_WARN_OBJC_IMPLICIT_RETAIN_SELF = YES;
				CLANG_WARN_OBJC_LITERAL_CONVERSION = YES;
				CLANG_WARN_OBJC_ROOT_CLASS = YES_ERROR;
				CLANG_WARN_QUOTED_INCLUDE_IN_FRAMEWORK_HEADER = YES;
				CLANG_WARN_RANGE_LOOP_ANALYSIS = YES;
				CLANG_WARN_STRICT_PROTOTYPES = YES;
				CLANG_WARN_SUSPICIOUS_MOVE = YES;
				CLANG_WARN_UNGUARDED_AVAILABILITY = YES_AGGRESSIVE;
				CLANG_WARN_UNREACHABLE_CODE = YES;
				CLANG_WARN__DUPLICATE_METHOD_MATCH = YES;
				COPY_PHASE_STRIP = NO;
				DEBUG_INFORMATION_FORMAT = "dwarf-with-dsym";
				ENABLE_NS_ASSERTIONS = NO;
				ENABLE_STRICT_OBJC_MSGSEND = YES;
				ENABLE_USER_SCRIPT_SANDBOXING = YES;
				GCC_C_LANGUAGE_STANDARD = gnu17;
				GCC_NO_COMMON_BLOCKS = YES;
				GCC_WARN_64_TO_32_BIT_CONVERSION = YES;
				GCC_WARN_ABOUT_RETURN_TYPE = YES_ERROR;
				GCC_WARN_UNDECLARED_SELECTOR = YES;
				GCC_WARN_UNINITIALIZED_AUTOS = YES_AGGRESSIVE;
				GCC_WARN_UNUSED_FUNCTION = YES;
				GCC_WARN_UNUSED_VARIABLE = YES;
				IPHONEOS_DEPLOYMENT_TARGET = 17.0;
				LOCALIZATION_PREFERS_STRING_CATALOGS = YES;
				MTL_ENABLE_DEBUG_INFO = NO;
				MTL_FAST_MATH = YES;
				SDKROOT = iphoneos;
				SWIFT_COMPILATION_MODE = wholemodule;
				VALIDATE_PRODUCT = YES;
			};
			name = Release;
		};
		0E00C4B32AEBA20300EAA6BE /* Debug */ = {
			isa = XCBuildConfiguration;
			buildSettings = {
				ASSETCATALOG_COMPILER_APPICON_NAME = AppIcon;
				ASSETCATALOG_COMPILER_GLOBAL_ACCENT_COLOR_NAME = AccentColor;
				CODE_SIGN_STYLE = Automatic;
				CURRENT_PROJECT_VERSION = 1;
				DEVELOPMENT_TEAM = G56833V6RD;
				GENERATE_INFOPLIST_FILE = YES;
				INFOPLIST_FILE = ADBlock/Source/Application/Info.plist;
				INFOPLIST_KEY_UIApplicationSupportsIndirectInputEvents = YES;
				INFOPLIST_KEY_UILaunchStoryboardName = LaunchScreen;
				INFOPLIST_KEY_UISupportedInterfaceOrientations = UIInterfaceOrientationPortrait;
				INFOPLIST_KEY_UISupportedInterfaceOrientations_iPad = "UIInterfaceOrientationLandscapeLeft UIInterfaceOrientationLandscapeRight";
				IPHONEOS_DEPLOYMENT_TARGET = 14.0;
				LD_RUNPATH_SEARCH_PATHS = (
					"$(inherited)",
					"@executable_path/Frameworks",
				);
				MARKETING_VERSION = 1.0;
				PRODUCT_BUNDLE_IDENTIFIER = "vardant-it.ADBlock";
				PRODUCT_NAME = "$(TARGET_NAME)";
				SUPPORTED_PLATFORMS = "iphoneos iphonesimulator";
				SUPPORTS_MACCATALYST = NO;
				SUPPORTS_MAC_DESIGNED_FOR_IPHONE_IPAD = NO;
				SWIFT_EMIT_LOC_STRINGS = YES;
				SWIFT_VERSION = 5.0;
				TARGETED_DEVICE_FAMILY = 1;
			};
			name = Debug;
		};
		0E00C4B42AEBA20300EAA6BE /* Release */ = {
			isa = XCBuildConfiguration;
			buildSettings = {
				ASSETCATALOG_COMPILER_APPICON_NAME = AppIcon;
				ASSETCATALOG_COMPILER_GLOBAL_ACCENT_COLOR_NAME = AccentColor;
				CODE_SIGN_STYLE = Automatic;
				CURRENT_PROJECT_VERSION = 1;
				DEVELOPMENT_TEAM = G56833V6RD;
				GENERATE_INFOPLIST_FILE = YES;
				INFOPLIST_FILE = ADBlock/Source/Application/Info.plist;
				INFOPLIST_KEY_UIApplicationSupportsIndirectInputEvents = YES;
				INFOPLIST_KEY_UILaunchStoryboardName = LaunchScreen;
				INFOPLIST_KEY_UISupportedInterfaceOrientations = UIInterfaceOrientationPortrait;
				INFOPLIST_KEY_UISupportedInterfaceOrientations_iPad = "UIInterfaceOrientationLandscapeLeft UIInterfaceOrientationLandscapeRight";
				IPHONEOS_DEPLOYMENT_TARGET = 14.0;
				LD_RUNPATH_SEARCH_PATHS = (
					"$(inherited)",
					"@executable_path/Frameworks",
				);
				MARKETING_VERSION = 1.0;
				PRODUCT_BUNDLE_IDENTIFIER = "vardant-it.ADBlock";
				PRODUCT_NAME = "$(TARGET_NAME)";
				SUPPORTED_PLATFORMS = "iphoneos iphonesimulator";
				SUPPORTS_MACCATALYST = NO;
				SUPPORTS_MAC_DESIGNED_FOR_IPHONE_IPAD = NO;
				SWIFT_EMIT_LOC_STRINGS = YES;
				SWIFT_VERSION = 5.0;
				TARGETED_DEVICE_FAMILY = 1;
			};
			name = Release;
		};
/* End XCBuildConfiguration section */

/* Begin XCConfigurationList section */
		0E00C4992AEBA20200EAA6BE /* Build configuration list for PBXProject "ADBlock" */ = {
			isa = XCConfigurationList;
			buildConfigurations = (
				0E00C4B02AEBA20300EAA6BE /* Debug */,
				0E00C4B12AEBA20300EAA6BE /* Release */,
			);
			defaultConfigurationIsVisible = 0;
			defaultConfigurationName = Release;
		};
		0E00C4B22AEBA20300EAA6BE /* Build configuration list for PBXNativeTarget "ADBlock" */ = {
			isa = XCConfigurationList;
			buildConfigurations = (
				0E00C4B32AEBA20300EAA6BE /* Debug */,
				0E00C4B42AEBA20300EAA6BE /* Release */,
			);
			defaultConfigurationIsVisible = 0;
			defaultConfigurationName = Release;
		};
/* End XCConfigurationList section */
	};
	rootObject = 0E00C4962AEBA20200EAA6BE /* Project object */;
}
